// !$*UTF8*$!
{
	archiveVersion = 1;
	classes = {
	};
	objectVersion = 46;
	objects = {

/* Begin PBXBuildFile section */
		2220C3921E738957009B1084 /* DrawingView.swift in Sources */ = {isa = PBXBuildFile; fileRef = 2220C3911E738957009B1084 /* DrawingView.swift */; };
		2220C3941E738997009B1084 /* TraceVC.swift in Sources */ = {isa = PBXBuildFile; fileRef = 2220C3931E738997009B1084 /* TraceVC.swift */; };
		2220C3961E7453C2009B1084 /* ReferenceView.swift in Sources */ = {isa = PBXBuildFile; fileRef = 2220C3951E7453C2009B1084 /* ReferenceView.swift */; };
		2220C3991E7480DA009B1084 /* UIImage+Additions.swift in Sources */ = {isa = PBXBuildFile; fileRef = 2220C3981E7480DA009B1084 /* UIImage+Additions.swift */; };
		22D7ABA21E73850400A7A638 /* AppDelegate.swift in Sources */ = {isa = PBXBuildFile; fileRef = 22D7ABA11E73850400A7A638 /* AppDelegate.swift */; };
		22D7ABA41E73850400A7A638 /* ChooseShapeVC.swift in Sources */ = {isa = PBXBuildFile; fileRef = 22D7ABA31E73850400A7A638 /* ChooseShapeVC.swift */; };
		22D7ABA71E73850400A7A638 /* Main.storyboard in Resources */ = {isa = PBXBuildFile; fileRef = 22D7ABA51E73850400A7A638 /* Main.storyboard */; };
		22D7ABA91E73850400A7A638 /* Assets.xcassets in Resources */ = {isa = PBXBuildFile; fileRef = 22D7ABA81E73850400A7A638 /* Assets.xcassets */; };
		22D7ABAC1E73850400A7A638 /* LaunchScreen.storyboard in Resources */ = {isa = PBXBuildFile; fileRef = 22D7ABAA1E73850400A7A638 /* LaunchScreen.storyboard */; };
		22D7ABB71E73850500A7A638 /* Always_WriteTests.swift in Sources */ = {isa = PBXBuildFile; fileRef = 22D7ABB61E73850500A7A638 /* Always_WriteTests.swift */; };
		22D7ABC21E73850500A7A638 /* Always_WriteUITests.swift in Sources */ = {isa = PBXBuildFile; fileRef = 22D7ABC11E73850500A7A638 /* Always_WriteUITests.swift */; };
/* End PBXBuildFile section */

/* Begin PBXContainerItemProxy section */
		22D7ABB31E73850500A7A638 /* PBXContainerItemProxy */ = {
			isa = PBXContainerItemProxy;
			containerPortal = 22D7AB961E73850400A7A638 /* Project object */;
			proxyType = 1;
			remoteGlobalIDString = 22D7AB9D1E73850400A7A638;
			remoteInfo = "Always Write";
		};
		22D7ABBE1E73850500A7A638 /* PBXContainerItemProxy */ = {
			isa = PBXContainerItemProxy;
			containerPortal = 22D7AB961E73850400A7A638 /* Project object */;
			proxyType = 1;
			remoteGlobalIDString = 22D7AB9D1E73850400A7A638;
			remoteInfo = "Always Write";
		};
/* End PBXContainerItemProxy section */

/* Begin PBXFileReference section */
		2220C3911E738957009B1084 /* DrawingView.swift */ = {isa = PBXFileReference; fileEncoding = 4; lastKnownFileType = sourcecode.swift; path = DrawingView.swift; sourceTree = "<group>"; };
		2220C3931E738997009B1084 /* TraceVC.swift */ = {isa = PBXFileReference; fileEncoding = 4; lastKnownFileType = sourcecode.swift; name = TraceVC.swift; path = Controllers/TraceVC.swift; sourceTree = "<group>"; };
		2220C3951E7453C2009B1084 /* ReferenceView.swift */ = {isa = PBXFileReference; fileEncoding = 4; lastKnownFileType = sourcecode.swift; path = ReferenceView.swift; sourceTree = "<group>"; };
		2220C3981E7480DA009B1084 /* UIImage+Additions.swift */ = {isa = PBXFileReference; fileEncoding = 4; lastKnownFileType = sourcecode.swift; name = "UIImage+Additions.swift"; path = "Extensions/UIImage+Additions.swift"; sourceTree = "<group>"; };
		22D7AB9E1E73850400A7A638 /* Always Write.app */ = {isa = PBXFileReference; explicitFileType = wrapper.application; includeInIndex = 0; path = "Always Write.app"; sourceTree = BUILT_PRODUCTS_DIR; };
		22D7ABA11E73850400A7A638 /* AppDelegate.swift */ = {isa = PBXFileReference; lastKnownFileType = sourcecode.swift; path = AppDelegate.swift; sourceTree = "<group>"; };
		22D7ABA31E73850400A7A638 /* ChooseShapeVC.swift */ = {isa = PBXFileReference; lastKnownFileType = sourcecode.swift; path = ChooseShapeVC.swift; sourceTree = "<group>"; };
		22D7ABA61E73850400A7A638 /* Base */ = {isa = PBXFileReference; lastKnownFileType = file.storyboard; name = Base; path = Base.lproj/Main.storyboard; sourceTree = "<group>"; };
		22D7ABA81E73850400A7A638 /* Assets.xcassets */ = {isa = PBXFileReference; lastKnownFileType = folder.assetcatalog; path = Assets.xcassets; sourceTree = "<group>"; };
		22D7ABAB1E73850400A7A638 /* Base */ = {isa = PBXFileReference; lastKnownFileType = file.storyboard; name = Base; path = Base.lproj/LaunchScreen.storyboard; sourceTree = "<group>"; };
		22D7ABAD1E73850400A7A638 /* Info.plist */ = {isa = PBXFileReference; lastKnownFileType = text.plist.xml; path = Info.plist; sourceTree = "<group>"; };
		22D7ABB21E73850500A7A638 /* Always WriteTests.xctest */ = {isa = PBXFileReference; explicitFileType = wrapper.cfbundle; includeInIndex = 0; path = "Always WriteTests.xctest"; sourceTree = BUILT_PRODUCTS_DIR; };
		22D7ABB61E73850500A7A638 /* Always_WriteTests.swift */ = {isa = PBXFileReference; lastKnownFileType = sourcecode.swift; path = Always_WriteTests.swift; sourceTree = "<group>"; };
		22D7ABB81E73850500A7A638 /* Info.plist */ = {isa = PBXFileReference; lastKnownFileType = text.plist.xml; path = Info.plist; sourceTree = "<group>"; };
		22D7ABBD1E73850500A7A638 /* Always WriteUITests.xctest */ = {isa = PBXFileReference; explicitFileType = wrapper.cfbundle; includeInIndex = 0; path = "Always WriteUITests.xctest"; sourceTree = BUILT_PRODUCTS_DIR; };
		22D7ABC11E73850500A7A638 /* Always_WriteUITests.swift */ = {isa = PBXFileReference; lastKnownFileType = sourcecode.swift; path = Always_WriteUITests.swift; sourceTree = "<group>"; };
		22D7ABC31E73850500A7A638 /* Info.plist */ = {isa = PBXFileReference; lastKnownFileType = text.plist.xml; path = Info.plist; sourceTree = "<group>"; };
/* End PBXFileReference section */

/* Begin PBXFrameworksBuildPhase section */
		22D7AB9B1E73850400A7A638 /* Frameworks */ = {
			isa = PBXFrameworksBuildPhase;
			buildActionMask = 2147483647;
			files = (
			);
			runOnlyForDeploymentPostprocessing = 0;
		};
		22D7ABAF1E73850500A7A638 /* Frameworks */ = {
			isa = PBXFrameworksBuildPhase;
			buildActionMask = 2147483647;
			files = (
			);
			runOnlyForDeploymentPostprocessing = 0;
		};
		22D7ABBA1E73850500A7A638 /* Frameworks */ = {
			isa = PBXFrameworksBuildPhase;
			buildActionMask = 2147483647;
			files = (
			);
			runOnlyForDeploymentPostprocessing = 0;
		};
/* End PBXFrameworksBuildPhase section */

/* Begin PBXGroup section */
		2220C38E1E73871D009B1084 /* Controllers */ = {
			isa = PBXGroup;
			children = (
				22D7ABA11E73850400A7A638 /* AppDelegate.swift */,
				22D7ABA31E73850400A7A638 /* ChooseShapeVC.swift */,
				2220C3931E738997009B1084 /* TraceVC.swift */,
			);
			name = Controllers;
			sourceTree = "<group>";
		};
		2220C38F1E738722009B1084 /* Views */ = {
			isa = PBXGroup;
			children = (
				22D7ABA51E73850400A7A638 /* Main.storyboard */,
				2220C3911E738957009B1084 /* DrawingView.swift */,
				2220C3951E7453C2009B1084 /* ReferenceView.swift */,
			);
			name = Views;
			sourceTree = "<group>";
		};
		2220C3901E7387D3009B1084 /* Models */ = {
			isa = PBXGroup;
			children = (
			);
			name = Models;
			sourceTree = "<group>";
		};
		2220C3971E74809E009B1084 /* Extensions */ = {
			isa = PBXGroup;
			children = (
				2220C3981E7480DA009B1084 /* UIImage+Additions.swift */,
			);
			name = Extensions;
			sourceTree = "<group>";
		};
		22D7AB951E73850400A7A638 = {
			isa = PBXGroup;
			children = (
				22D7ABA01E73850400A7A638 /* Always Write */,
				22D7ABB51E73850500A7A638 /* Always WriteTests */,
				22D7ABC01E73850500A7A638 /* Always WriteUITests */,
				22D7AB9F1E73850400A7A638 /* Products */,
			);
			sourceTree = "<group>";
		};
		22D7AB9F1E73850400A7A638 /* Products */ = {
			isa = PBXGroup;
			children = (
				22D7AB9E1E73850400A7A638 /* Always Write.app */,
				22D7ABB21E73850500A7A638 /* Always WriteTests.xctest */,
				22D7ABBD1E73850500A7A638 /* Always WriteUITests.xctest */,
			);
			name = Products;
			sourceTree = "<group>";
		};
		22D7ABA01E73850400A7A638 /* Always Write */ = {
			isa = PBXGroup;
			children = (
				2220C3971E74809E009B1084 /* Extensions */,
				2220C3901E7387D3009B1084 /* Models */,
				2220C38E1E73871D009B1084 /* Controllers */,
				2220C38F1E738722009B1084 /* Views */,
				22D7ABA81E73850400A7A638 /* Assets.xcassets */,
				22D7ABAA1E73850400A7A638 /* LaunchScreen.storyboard */,
				22D7ABAD1E73850400A7A638 /* Info.plist */,
			);
			path = "Always Write";
			sourceTree = "<group>";
		};
		22D7ABB51E73850500A7A638 /* Always WriteTests */ = {
			isa = PBXGroup;
			children = (
				22D7ABB61E73850500A7A638 /* Always_WriteTests.swift */,
				22D7ABB81E73850500A7A638 /* Info.plist */,
			);
			path = "Always WriteTests";
			sourceTree = "<group>";
		};
		22D7ABC01E73850500A7A638 /* Always WriteUITests */ = {
			isa = PBXGroup;
			children = (
				22D7ABC11E73850500A7A638 /* Always_WriteUITests.swift */,
				22D7ABC31E73850500A7A638 /* Info.plist */,
			);
			path = "Always WriteUITests";
			sourceTree = "<group>";
		};
/* End PBXGroup section */

/* Begin PBXNativeTarget section */
		22D7AB9D1E73850400A7A638 /* Always Write */ = {
			isa = PBXNativeTarget;
			buildConfigurationList = 22D7ABC61E73850500A7A638 /* Build configuration list for PBXNativeTarget "Always Write" */;
			buildPhases = (
				22D7AB9A1E73850400A7A638 /* Sources */,
				22D7AB9B1E73850400A7A638 /* Frameworks */,
				22D7AB9C1E73850400A7A638 /* Resources */,
			);
			buildRules = (
			);
			dependencies = (
			);
			name = "Always Write";
			productName = "Always Write";
			productReference = 22D7AB9E1E73850400A7A638 /* Always Write.app */;
			productType = "com.apple.product-type.application";
		};
		22D7ABB11E73850500A7A638 /* Always WriteTests */ = {
			isa = PBXNativeTarget;
			buildConfigurationList = 22D7ABC91E73850500A7A638 /* Build configuration list for PBXNativeTarget "Always WriteTests" */;
			buildPhases = (
				22D7ABAE1E73850500A7A638 /* Sources */,
				22D7ABAF1E73850500A7A638 /* Frameworks */,
				22D7ABB01E73850500A7A638 /* Resources */,
			);
			buildRules = (
			);
			dependencies = (
				22D7ABB41E73850500A7A638 /* PBXTargetDependency */,
			);
			name = "Always WriteTests";
			productName = "Always WriteTests";
			productReference = 22D7ABB21E73850500A7A638 /* Always WriteTests.xctest */;
			productType = "com.apple.product-type.bundle.unit-test";
		};
		22D7ABBC1E73850500A7A638 /* Always WriteUITests */ = {
			isa = PBXNativeTarget;
			buildConfigurationList = 22D7ABCC1E73850500A7A638 /* Build configuration list for PBXNativeTarget "Always WriteUITests" */;
			buildPhases = (
				22D7ABB91E73850500A7A638 /* Sources */,
				22D7ABBA1E73850500A7A638 /* Frameworks */,
				22D7ABBB1E73850500A7A638 /* Resources */,
			);
			buildRules = (
			);
			dependencies = (
				22D7ABBF1E73850500A7A638 /* PBXTargetDependency */,
			);
			name = "Always WriteUITests";
			productName = "Always WriteUITests";
			productReference = 22D7ABBD1E73850500A7A638 /* Always WriteUITests.xctest */;
			productType = "com.apple.product-type.bundle.ui-testing";
		};
/* End PBXNativeTarget section */

/* Begin PBXProject section */
		22D7AB961E73850400A7A638 /* Project object */ = {
			isa = PBXProject;
			attributes = {
				LastSwiftUpdateCheck = 0820;
				LastUpgradeCheck = 0820;
				ORGANIZATIONNAME = "Cornell Tech";
				TargetAttributes = {
					22D7AB9D1E73850400A7A638 = {
						CreatedOnToolsVersion = 8.2.1;
						DevelopmentTeam = 4496ANCXMN;
						ProvisioningStyle = Automatic;
					};
					22D7ABB11E73850500A7A638 = {
						CreatedOnToolsVersion = 8.2.1;
						DevelopmentTeam = 4496ANCXMN;
						ProvisioningStyle = Automatic;
						TestTargetID = 22D7AB9D1E73850400A7A638;
					};
					22D7ABBC1E73850500A7A638 = {
						CreatedOnToolsVersion = 8.2.1;
						DevelopmentTeam = 4496ANCXMN;
						ProvisioningStyle = Automatic;
						TestTargetID = 22D7AB9D1E73850400A7A638;
					};
				};
			};
			buildConfigurationList = 22D7AB991E73850400A7A638 /* Build configuration list for PBXProject "Always Write" */;
			compatibilityVersion = "Xcode 3.2";
			developmentRegion = English;
			hasScannedForEncodings = 0;
			knownRegions = (
				en,
				Base,
			);
			mainGroup = 22D7AB951E73850400A7A638;
			productRefGroup = 22D7AB9F1E73850400A7A638 /* Products */;
			projectDirPath = "";
			projectRoot = "";
			targets = (
				22D7AB9D1E73850400A7A638 /* Always Write */,
				22D7ABB11E73850500A7A638 /* Always WriteTests */,
				22D7ABBC1E73850500A7A638 /* Always WriteUITests */,
			);
		};
/* End PBXProject section */

/* Begin PBXResourcesBuildPhase section */
		22D7AB9C1E73850400A7A638 /* Resources */ = {
			isa = PBXResourcesBuildPhase;
			buildActionMask = 2147483647;
			files = (
				22D7ABAC1E73850400A7A638 /* LaunchScreen.storyboard in Resources */,
				22D7ABA91E73850400A7A638 /* Assets.xcassets in Resources */,
				22D7ABA71E73850400A7A638 /* Main.storyboard in Resources */,
			);
			runOnlyForDeploymentPostprocessing = 0;
		};
		22D7ABB01E73850500A7A638 /* Resources */ = {
			isa = PBXResourcesBuildPhase;
			buildActionMask = 2147483647;
			files = (
			);
			runOnlyForDeploymentPostprocessing = 0;
		};
		22D7ABBB1E73850500A7A638 /* Resources */ = {
			isa = PBXResourcesBuildPhase;
			buildActionMask = 2147483647;
			files = (
			);
			runOnlyForDeploymentPostprocessing = 0;
		};
/* End PBXResourcesBuildPhase section */

/* Begin PBXSourcesBuildPhase section */
		22D7AB9A1E73850400A7A638 /* Sources */ = {
			isa = PBXSourcesBuildPhase;
			buildActionMask = 2147483647;
			files = (
				2220C3961E7453C2009B1084 /* ReferenceView.swift in Sources */,
				2220C3941E738997009B1084 /* TraceVC.swift in Sources */,
				22D7ABA41E73850400A7A638 /* ChooseShapeVC.swift in Sources */,
				22D7ABA21E73850400A7A638 /* AppDelegate.swift in Sources */,
				2220C3921E738957009B1084 /* DrawingView.swift in Sources */,
				2220C3991E7480DA009B1084 /* UIImage+Additions.swift in Sources */,
			);
			runOnlyForDeploymentPostprocessing = 0;
		};
		22D7ABAE1E73850500A7A638 /* Sources */ = {
			isa = PBXSourcesBuildPhase;
			buildActionMask = 2147483647;
			files = (
				22D7ABB71E73850500A7A638 /* Always_WriteTests.swift in Sources */,
			);
			runOnlyForDeploymentPostprocessing = 0;
		};
		22D7ABB91E73850500A7A638 /* Sources */ = {
			isa = PBXSourcesBuildPhase;
			buildActionMask = 2147483647;
			files = (
				22D7ABC21E73850500A7A638 /* Always_WriteUITests.swift in Sources */,
			);
			runOnlyForDeploymentPostprocessing = 0;
		};
/* End PBXSourcesBuildPhase section */

/* Begin PBXTargetDependency section */
		22D7ABB41E73850500A7A638 /* PBXTargetDependency */ = {
			isa = PBXTargetDependency;
			target = 22D7AB9D1E73850400A7A638 /* Always Write */;
			targetProxy = 22D7ABB31E73850500A7A638 /* PBXContainerItemProxy */;
		};
		22D7ABBF1E73850500A7A638 /* PBXTargetDependency */ = {
			isa = PBXTargetDependency;
			target = 22D7AB9D1E73850400A7A638 /* Always Write */;
			targetProxy = 22D7ABBE1E73850500A7A638 /* PBXContainerItemProxy */;
		};
/* End PBXTargetDependency section */

/* Begin PBXVariantGroup section */
		22D7ABA51E73850400A7A638 /* Main.storyboard */ = {
			isa = PBXVariantGroup;
			children = (
				22D7ABA61E73850400A7A638 /* Base */,
			);
			name = Main.storyboard;
			sourceTree = "<group>";
		};
		22D7ABAA1E73850400A7A638 /* LaunchScreen.storyboard */ = {
			isa = PBXVariantGroup;
			children = (
				22D7ABAB1E73850400A7A638 /* Base */,
			);
			name = LaunchScreen.storyboard;
			sourceTree = "<group>";
		};
/* End PBXVariantGroup section */

/* Begin XCBuildConfiguration section */
		22D7ABC41E73850500A7A638 /* Debug */ = {
			isa = XCBuildConfiguration;
			buildSettings = {
				ALWAYS_SEARCH_USER_PATHS = NO;
				CLANG_ANALYZER_NONNULL = YES;
				CLANG_CXX_LANGUAGE_STANDARD = "gnu++0x";
				CLANG_CXX_LIBRARY = "libc++";
				CLANG_ENABLE_MODULES = YES;
				CLANG_ENABLE_OBJC_ARC = YES;
				CLANG_WARN_BOOL_CONVERSION = YES;
				CLANG_WARN_CONSTANT_CONVERSION = YES;
				CLANG_WARN_DIRECT_OBJC_ISA_USAGE = YES_ERROR;
				CLANG_WARN_DOCUMENTATION_COMMENTS = YES;
				CLANG_WARN_EMPTY_BODY = YES;
				CLANG_WARN_ENUM_CONVERSION = YES;
				CLANG_WARN_INFINITE_RECURSION = YES;
				CLANG_WARN_INT_CONVERSION = YES;
				CLANG_WARN_OBJC_ROOT_CLASS = YES_ERROR;
				CLANG_WARN_SUSPICIOUS_MOVE = YES;
				CLANG_WARN_UNREACHABLE_CODE = YES;
				CLANG_WARN__DUPLICATE_METHOD_MATCH = YES;
				"CODE_SIGN_IDENTITY[sdk=iphoneos*]" = "iPhone Developer";
				COPY_PHASE_STRIP = NO;
				DEBUG_INFORMATION_FORMAT = dwarf;
				ENABLE_STRICT_OBJC_MSGSEND = YES;
				ENABLE_TESTABILITY = YES;
				GCC_C_LANGUAGE_STANDARD = gnu99;
				GCC_DYNAMIC_NO_PIC = NO;
				GCC_NO_COMMON_BLOCKS = YES;
				GCC_OPTIMIZATION_LEVEL = 0;
				GCC_PREPROCESSOR_DEFINITIONS = (
					"DEBUG=1",
					"$(inherited)",
				);
				GCC_WARN_64_TO_32_BIT_CONVERSION = YES;
				GCC_WARN_ABOUT_RETURN_TYPE = YES_ERROR;
				GCC_WARN_UNDECLARED_SELECTOR = YES;
				GCC_WARN_UNINITIALIZED_AUTOS = YES_AGGRESSIVE;
				GCC_WARN_UNUSED_FUNCTION = YES;
				GCC_WARN_UNUSED_VARIABLE = YES;
				IPHONEOS_DEPLOYMENT_TARGET = 10.2;
				MTL_ENABLE_DEBUG_INFO = YES;
				ONLY_ACTIVE_ARCH = YES;
				SDKROOT = iphoneos;
				SWIFT_ACTIVE_COMPILATION_CONDITIONS = DEBUG;
				SWIFT_OPTIMIZATION_LEVEL = "-Onone";
				TARGETED_DEVICE_FAMILY = 2;
			};
			name = Debug;
		};
		22D7ABC51E73850500A7A638 /* Release */ = {
			isa = XCBuildConfiguration;
			buildSettings = {
				ALWAYS_SEARCH_USER_PATHS = NO;
				CLANG_ANALYZER_NONNULL = YES;
				CLANG_CXX_LANGUAGE_STANDARD = "gnu++0x";
				CLANG_CXX_LIBRARY = "libc++";
				CLANG_ENABLE_MODULES = YES;
				CLANG_ENABLE_OBJC_ARC = YES;
				CLANG_WARN_BOOL_CONVERSION = YES;
				CLANG_WARN_CONSTANT_CONVERSION = YES;
				CLANG_WARN_DIRECT_OBJC_ISA_USAGE = YES_ERROR;
				CLANG_WARN_DOCUMENTATION_COMMENTS = YES;
				CLANG_WARN_EMPTY_BODY = YES;
				CLANG_WARN_ENUM_CONVERSION = YES;
				CLANG_WARN_INFINITE_RECURSION = YES;
				CLANG_WARN_INT_CONVERSION = YES;
				CLANG_WARN_OBJC_ROOT_CLASS = YES_ERROR;
				CLANG_WARN_SUSPICIOUS_MOVE = YES;
				CLANG_WARN_UNREACHABLE_CODE = YES;
				CLANG_WARN__DUPLICATE_METHOD_MATCH = YES;
				"CODE_SIGN_IDENTITY[sdk=iphoneos*]" = "iPhone Developer";
				COPY_PHASE_STRIP = NO;
				DEBUG_INFORMATION_FORMAT = "dwarf-with-dsym";
				ENABLE_NS_ASSERTIONS = NO;
				ENABLE_STRICT_OBJC_MSGSEND = YES;
				GCC_C_LANGUAGE_STANDARD = gnu99;
				GCC_NO_COMMON_BLOCKS = YES;
				GCC_WARN_64_TO_32_BIT_CONVERSION = YES;
				GCC_WARN_ABOUT_RETURN_TYPE = YES_ERROR;
				GCC_WARN_UNDECLARED_SELECTOR = YES;
				GCC_WARN_UNINITIALIZED_AUTOS = YES_AGGRESSIVE;
				GCC_WARN_UNUSED_FUNCTION = YES;
				GCC_WARN_UNUSED_VARIABLE = YES;
				IPHONEOS_DEPLOYMENT_TARGET = 10.2;
				MTL_ENABLE_DEBUG_INFO = NO;
				SDKROOT = iphoneos;
				SWIFT_OPTIMIZATION_LEVEL = "-Owholemodule";
				TARGETED_DEVICE_FAMILY = 2;
				VALIDATE_PRODUCT = YES;
			};
			name = Release;
		};
		22D7ABC71E73850500A7A638 /* Debug */ = {
			isa = XCBuildConfiguration;
			buildSettings = {
				ASSETCATALOG_COMPILER_APPICON_NAME = AppIcon;
				DEVELOPMENT_TEAM = 4496ANCXMN;
				INFOPLIST_FILE = "Always Write/Info.plist";
				LD_RUNPATH_SEARCH_PATHS = "$(inherited) @executable_path/Frameworks";
				PRODUCT_BUNDLE_IDENTIFIER = "edu.cornell.Always-Write";
				PRODUCT_NAME = "$(TARGET_NAME)";
				SWIFT_VERSION = 3.0;
			};
			name = Debug;
		};
		22D7ABC81E73850500A7A638 /* Release */ = {
			isa = XCBuildConfiguration;
			buildSettings = {
				ASSETCATALOG_COMPILER_APPICON_NAME = AppIcon;
				DEVELOPMENT_TEAM = 4496ANCXMN;
				INFOPLIST_FILE = "Always Write/Info.plist";
				LD_RUNPATH_SEARCH_PATHS = "$(inherited) @executable_path/Frameworks";
				PRODUCT_BUNDLE_IDENTIFIER = "edu.cornell.Always-Write";
				PRODUCT_NAME = "$(TARGET_NAME)";
				SWIFT_VERSION = 3.0;
			};
			name = Release;
		};
		22D7ABCA1E73850500A7A638 /* Debug */ = {
			isa = XCBuildConfiguration;
			buildSettings = {
				ALWAYS_EMBED_SWIFT_STANDARD_LIBRARIES = YES;
				BUNDLE_LOADER = "$(TEST_HOST)";
				DEVELOPMENT_TEAM = 4496ANCXMN;
				INFOPLIST_FILE = "Always WriteTests/Info.plist";
				LD_RUNPATH_SEARCH_PATHS = "$(inherited) @executable_path/Frameworks @loader_path/Frameworks";
				PRODUCT_BUNDLE_IDENTIFIER = "edu.cornell.Always-WriteTests";
				PRODUCT_NAME = "$(TARGET_NAME)";
				SWIFT_VERSION = 3.0;
				TEST_HOST = "$(BUILT_PRODUCTS_DIR)/Always Write.app/Always Write";
			};
			name = Debug;
		};
		22D7ABCB1E73850500A7A638 /* Release */ = {
			isa = XCBuildConfiguration;
			buildSettings = {
				ALWAYS_EMBED_SWIFT_STANDARD_LIBRARIES = YES;
				BUNDLE_LOADER = "$(TEST_HOST)";
				DEVELOPMENT_TEAM = 4496ANCXMN;
				INFOPLIST_FILE = "Always WriteTests/Info.plist";
				LD_RUNPATH_SEARCH_PATHS = "$(inherited) @executable_path/Frameworks @loader_path/Frameworks";
				PRODUCT_BUNDLE_IDENTIFIER = "edu.cornell.Always-WriteTests";
				PRODUCT_NAME = "$(TARGET_NAME)";
				SWIFT_VERSION = 3.0;
				TEST_HOST = "$(BUILT_PRODUCTS_DIR)/Always Write.app/Always Write";
			};
			name = Release;
		};
		22D7ABCD1E73850500A7A638 /* Debug */ = {
			isa = XCBuildConfiguration;
			buildSettings = {
				ALWAYS_EMBED_SWIFT_STANDARD_LIBRARIES = YES;
				DEVELOPMENT_TEAM = 4496ANCXMN;
				INFOPLIST_FILE = "Always WriteUITests/Info.plist";
				LD_RUNPATH_SEARCH_PATHS = "$(inherited) @executable_path/Frameworks @loader_path/Frameworks";
				PRODUCT_BUNDLE_IDENTIFIER = "edu.cornell.Always-WriteUITests";
				PRODUCT_NAME = "$(TARGET_NAME)";
				SWIFT_VERSION = 3.0;
				TEST_TARGET_NAME = "Always Write";
			};
			name = Debug;
		};
		22D7ABCE1E73850500A7A638 /* Release */ = {
			isa = XCBuildConfiguration;
			buildSettings = {
				ALWAYS_EMBED_SWIFT_STANDARD_LIBRARIES = YES;
				DEVELOPMENT_TEAM = 4496ANCXMN;
				INFOPLIST_FILE = "Always WriteUITests/Info.plist";
				LD_RUNPATH_SEARCH_PATHS = "$(inherited) @executable_path/Frameworks @loader_path/Frameworks";
				PRODUCT_BUNDLE_IDENTIFIER = "edu.cornell.Always-WriteUITests";
				PRODUCT_NAME = "$(TARGET_NAME)";
				SWIFT_VERSION = 3.0;
				TEST_TARGET_NAME = "Always Write";
			};
			name = Release;
		};
/* End XCBuildConfiguration section */

/* Begin XCConfigurationList section */
		22D7AB991E73850400A7A638 /* Build configuration list for PBXProject "Always Write" */ = {
			isa = XCConfigurationList;
			buildConfigurations = (
				22D7ABC41E73850500A7A638 /* Debug */,
				22D7ABC51E73850500A7A638 /* Release */,
			);
			defaultConfigurationIsVisible = 0;
			defaultConfigurationName = Release;
		};
		22D7ABC61E73850500A7A638 /* Build configuration list for PBXNativeTarget "Always Write" */ = {
			isa = XCConfigurationList;
			buildConfigurations = (
				22D7ABC71E73850500A7A638 /* Debug */,
				22D7ABC81E73850500A7A638 /* Release */,
			);
			defaultConfigurationIsVisible = 0;
			defaultConfigurationName = Release;
		};
		22D7ABC91E73850500A7A638 /* Build configuration list for PBXNativeTarget "Always WriteTests" */ = {
			isa = XCConfigurationList;
			buildConfigurations = (
				22D7ABCA1E73850500A7A638 /* Debug */,
				22D7ABCB1E73850500A7A638 /* Release */,
			);
			defaultConfigurationIsVisible = 0;
			defaultConfigurationName = Release;
		};
		22D7ABCC1E73850500A7A638 /* Build configuration list for PBXNativeTarget "Always WriteUITests" */ = {
			isa = XCConfigurationList;
			buildConfigurations = (
				22D7ABCD1E73850500A7A638 /* Debug */,
				22D7ABCE1E73850500A7A638 /* Release */,
			);
			defaultConfigurationIsVisible = 0;
			defaultConfigurationName = Release;
		};
/* End XCConfigurationList section */
	};
	rootObject = 22D7AB961E73850400A7A638 /* Project object */;
}
